
Microsoft Visual Studio Solution File, Format Version 12.00
# Visual Studio Version 16
VisualStudioVersion = 16.0.30104.148
MinimumVisualStudioVersion = 10.0.40219.1
Project("{FAE04EC0-301F-11D3-BF4B-00C04F79EFBC}") = "PlayerJoiningAndLeavingAnnouncer", "PlayerJoiningAndLeavingAnnouncer\PlayerJoiningAndLeavingAnnouncer.csproj", "{568AA8B6-44DA-4257-B5B2-E93866F7B5DB}"
EndProject
Global
	GlobalSection(SolutionConfigurationPlatforms) = preSolution
		Debug|Any CPU = Debug|Any CPU
		Release|Any CPU = Release|Any CPU
	EndGlobalSection
	GlobalSection(ProjectConfigurationPlatforms) = postSolution
		{568AA8B6-44DA-4257-B5B2-E93866F7B5DB}.Debug|Any CPU.ActiveCfg = Debug|Any CPU
		{568AA8B6-44DA-4257-B5B2-E93866F7B5DB}.Debug|Any CPU.Build.0 = Debug|Any CPU
		{568AA8B6-44DA-4257-B5B2-E93866F7B5DB}.Release|Any CPU.ActiveCfg = Release|Any CPU
		{568AA8B6-44DA-4257-B5B2-E93866F7B5DB}.Release|Any CPU.Build.0 = Release|Any CPU
	EndGlobalSection
	GlobalSection(SolutionProperties) = preSolution
		HideSolutionNode = FALSE
	EndGlobalSection
	GlobalSection(ExtensibilityGlobals) = postSolution
		SolutionGuid = {C0A063C5-46A6-44B1-8239-AD2F294250B0}
	EndGlobalSection
EndGlobal
